
Microsoft Visual Studio Solution File, Format Version 12.00
# Visual Studio Version 16
VisualStudioVersion = 16.0.30406.217
MinimumVisualStudioVersion = 10.0.40219.1
Project("{FAE04EC0-301F-11D3-BF4B-00C04F79EFBC}") = "BuilderPattern1", "BuilderPattern1\BuilderPattern1.csproj", "{183A2455-5A7D-4276-BEA4-F1BFB7A9CD6B}"
EndProject
Global
	GlobalSection(SolutionConfigurationPlatforms) = preSolution
		Debug|Any CPU = Debug|Any CPU
		Release|Any CPU = Release|Any CPU
	EndGlobalSection
	GlobalSection(ProjectConfigurationPlatforms) = postSolution
		{183A2455-5A7D-4276-BEA4-F1BFB7A9CD6B}.Debug|Any CPU.ActiveCfg = Debug|Any CPU
		{183A2455-5A7D-4276-BEA4-F1BFB7A9CD6B}.Debug|Any CPU.Build.0 = Debug|Any CPU
		{183A2455-5A7D-4276-BEA4-F1BFB7A9CD6B}.Release|Any CPU.ActiveCfg = Release|Any CPU
		{183A2455-5A7D-4276-BEA4-F1BFB7A9CD6B}.Release|Any CPU.Build.0 = Release|Any CPU
	EndGlobalSection
	GlobalSection(SolutionProperties) = preSolution
		HideSolutionNode = FALSE
	EndGlobalSection
	GlobalSection(ExtensibilityGlobals) = postSolution
		SolutionGuid = {BB0D674D-9A69-4F17-AFE7-130995B842B9}
	EndGlobalSection
EndGlobal
